// !$*UTF8*$!
{
	archiveVersion = 1;
	classes = {
	};
	objectVersion = 55;
	objects = {

/* Begin PBXBuildFile section */
		4C21CA952A2B059800DD20BE /* models.cpp in Sources */ = {isa = PBXBuildFile; fileRef = 4C21CA942A2B059800DD20BE /* models.cpp */; };
		4C21CA9B2A2C67A700DD20BE /* Renderer.cpp in Sources */ = {isa = PBXBuildFile; fileRef = 4C21CA9A2A2C67A700DD20BE /* Renderer.cpp */; };
		4C21CA9E2A2C6FD600DD20BE /* transform.cpp in Sources */ = {isa = PBXBuildFile; fileRef = 4C21CA9D2A2C6FD600DD20BE /* transform.cpp */; };
		4C21CB0E2A2D201100DD20BE /* Stopwatch.cpp in Sources */ = {isa = PBXBuildFile; fileRef = 4C21CADC2A2D201100DD20BE /* Stopwatch.cpp */; };
		4C21CB0F2A2D201100DD20BE /* FLGL_Presets.cpp in Sources */ = {isa = PBXBuildFile; fileRef = 4C21CAE02A2D201100DD20BE /* FLGL_Presets.cpp */; };
		4C21CB102A2D201100DD20BE /* Camera.cpp in Sources */ = {isa = PBXBuildFile; fileRef = 4C21CAE42A2D201100DD20BE /* Camera.cpp */; };
		4C21CB112A2D201100DD20BE /* Window.cpp in Sources */ = {isa = PBXBuildFile; fileRef = 4C21CAE52A2D201100DD20BE /* Window.cpp */; };
		4C21CB122A2D201100DD20BE /* VAO.cpp in Sources */ = {isa = PBXBuildFile; fileRef = 4C21CAE72A2D201100DD20BE /* VAO.cpp */; };
		4C21CB132A2D201100DD20BE /* Shader.cpp in Sources */ = {isa = PBXBuildFile; fileRef = 4C21CAE92A2D201100DD20BE /* Shader.cpp */; };
		4C21CB142A2D201100DD20BE /* Graphics.cpp in Sources */ = {isa = PBXBuildFile; fileRef = 4C21CAEA2A2D201100DD20BE /* Graphics.cpp */; };
		4C21CB152A2D201100DD20BE /* GL_Loader.cpp in Sources */ = {isa = PBXBuildFile; fileRef = 4C21CAF52A2D201100DD20BE /* GL_Loader.cpp */; };
		4C21CB162A2D201100DD20BE /* flgl_math.cpp in Sources */ = {isa = PBXBuildFile; fileRef = 4C21CAF72A2D201100DD20BE /* flgl_math.cpp */; };
		4C21CB172A2D201100DD20BE /* Vertex.cpp in Sources */ = {isa = PBXBuildFile; fileRef = 4C21CAFA2A2D201100DD20BE /* Vertex.cpp */; };
		4C21CB182A2D201100DD20BE /* ECS.cpp in Sources */ = {isa = PBXBuildFile; fileRef = 4C21CB0C2A2D201100DD20BE /* ECS.cpp */; };
		4C21CB1C2A2D283C00DD20BE /* render.cpp in Sources */ = {isa = PBXBuildFile; fileRef = 4C21CB1B2A2D283C00DD20BE /* render.cpp */; };
		4C21CB1F2A2D28BF00DD20BE /* texture.cpp in Sources */ = {isa = PBXBuildFile; fileRef = 4C21CB1E2A2D28BF00DD20BE /* texture.cpp */; };
		4C21CB222A2D7DEB00DD20BE /* follower.cpp in Sources */ = {isa = PBXBuildFile; fileRef = 4C21CB212A2D7DEB00DD20BE /* follower.cpp */; };
		4C21CB252A2D823800DD20BE /* State.cpp in Sources */ = {isa = PBXBuildFile; fileRef = 4C21CB242A2D823800DD20BE /* State.cpp */; };
		4C21CB2A2A2EBDD300DD20BE /* ShipTypes.cpp in Sources */ = {isa = PBXBuildFile; fileRef = 4C21CB292A2EBDD300DD20BE /* ShipTypes.cpp */; };
		4C39E7732A2A8E9A00CFC7EB /* main.cpp in Sources */ = {isa = PBXBuildFile; fileRef = 4C39E7722A2A8E9A00CFC7EB /* main.cpp */; };
		4C39E77B2A2A8EAC00CFC7EB /* OpenGL.framework in Frameworks */ = {isa = PBXBuildFile; fileRef = 4C39E77A2A2A8EAC00CFC7EB /* OpenGL.framework */; };
		4C39E77D2A2A8EB000CFC7EB /* CoreGraphics.framework in Frameworks */ = {isa = PBXBuildFile; fileRef = 4C39E77C2A2A8EB000CFC7EB /* CoreGraphics.framework */; };
		4C39E77F2A2A8EB400CFC7EB /* IOKit.framework in Frameworks */ = {isa = PBXBuildFile; fileRef = 4C39E77E2A2A8EB400CFC7EB /* IOKit.framework */; };
		4C39E7812A2A8EC700CFC7EB /* libglfw.3.3.dylib in Frameworks */ = {isa = PBXBuildFile; fileRef = 4C39E7802A2A8EC700CFC7EB /* libglfw.3.3.dylib */; };
/* End PBXBuildFile section */

/* Begin PBXCopyFilesBuildPhase section */
		4C39E76D2A2A8E9A00CFC7EB /* CopyFiles */ = {
			isa = PBXCopyFilesBuildPhase;
			buildActionMask = 2147483647;
			dstPath = /usr/share/man/man1/;
			dstSubfolderSpec = 0;
			files = (
			);
			runOnlyForDeploymentPostprocessing = 1;
		};
/* End PBXCopyFilesBuildPhase section */

/* Begin PBXFileReference section */
		4C21CA932A2B059800DD20BE /* models.h */ = {isa = PBXFileReference; lastKnownFileType = sourcecode.c.h; path = models.h; sourceTree = "<group>"; };
		4C21CA942A2B059800DD20BE /* models.cpp */ = {isa = PBXFileReference; lastKnownFileType = sourcecode.cpp.cpp; path = models.cpp; sourceTree = "<group>"; };
		4C21CA962A2B077D00DD20BE /* asp.png */ = {isa = PBXFileReference; lastKnownFileType = image.png; path = asp.png; sourceTree = "<group>"; };
		4C21CA972A2B388400DD20BE /* star2d_frag.glsl */ = {isa = PBXFileReference; lastKnownFileType = text; path = star2d_frag.glsl; sourceTree = "<group>"; };
		4C21CA982A2B389A00DD20BE /* fullscreen_vert.glsl */ = {isa = PBXFileReference; lastKnownFileType = text; path = fullscreen_vert.glsl; sourceTree = "<group>"; };
		4C21CA992A2C67A700DD20BE /* Renderer.h */ = {isa = PBXFileReference; lastKnownFileType = sourcecode.c.h; path = Renderer.h; sourceTree = "<group>"; };
		4C21CA9A2A2C67A700DD20BE /* Renderer.cpp */ = {isa = PBXFileReference; lastKnownFileType = sourcecode.cpp.cpp; path = Renderer.cpp; sourceTree = "<group>"; };
		4C21CA9C2A2C6FD600DD20BE /* transform.h */ = {isa = PBXFileReference; lastKnownFileType = sourcecode.c.h; path = transform.h; sourceTree = "<group>"; };
		4C21CA9D2A2C6FD600DD20BE /* transform.cpp */ = {isa = PBXFileReference; lastKnownFileType = sourcecode.cpp.cpp; path = transform.cpp; sourceTree = "<group>"; };
		4C21CAD82A2D201100DD20BE /* LICENSE */ = {isa = PBXFileReference; fileEncoding = 4; lastKnownFileType = text; path = LICENSE; sourceTree = "<group>"; };
		4C21CAD92A2D201100DD20BE /* README.md */ = {isa = PBXFileReference; fileEncoding = 4; lastKnownFileType = net.daringfireball.markdown; path = README.md; sourceTree = "<group>"; };
		4C21CADA2A2D201100DD20BE /* .gitignore */ = {isa = PBXFileReference; fileEncoding = 4; lastKnownFileType = text; path = .gitignore; sourceTree = "<group>"; };
		4C21CADB2A2D201100DD20BE /* Stopwatch.h */ = {isa = PBXFileReference; fileEncoding = 4; lastKnownFileType = sourcecode.c.h; path = Stopwatch.h; sourceTree = "<group>"; };
		4C21CADC2A2D201100DD20BE /* Stopwatch.cpp */ = {isa = PBXFileReference; fileEncoding = 4; lastKnownFileType = sourcecode.cpp.cpp; path = Stopwatch.cpp; sourceTree = "<group>"; };
		4C21CADF2A2D201100DD20BE /* flgl_math.h */ = {isa = PBXFileReference; fileEncoding = 4; lastKnownFileType = sourcecode.c.h; path = flgl_math.h; sourceTree = "<group>"; };
		4C21CAE02A2D201100DD20BE /* FLGL_Presets.cpp */ = {isa = PBXFileReference; fileEncoding = 4; lastKnownFileType = sourcecode.cpp.cpp; path = FLGL_Presets.cpp; sourceTree = "<group>"; };
		4C21CAE12A2D201100DD20BE /* Vertex.h */ = {isa = PBXFileReference; fileEncoding = 4; lastKnownFileType = sourcecode.c.h; path = Vertex.h; sourceTree = "<group>"; };
		4C21CAE22A2D201100DD20BE /* ID_Map.h */ = {isa = PBXFileReference; fileEncoding = 4; lastKnownFileType = sourcecode.c.h; path = ID_Map.h; sourceTree = "<group>"; };
		4C21CAE32A2D201100DD20BE /* Shader.h */ = {isa = PBXFileReference; fileEncoding = 4; lastKnownFileType = sourcecode.c.h; path = Shader.h; sourceTree = "<group>"; };
		4C21CAE42A2D201100DD20BE /* Camera.cpp */ = {isa = PBXFileReference; fileEncoding = 4; lastKnownFileType = sourcecode.cpp.cpp; path = Camera.cpp; sourceTree = "<group>"; };
		4C21CAE52A2D201100DD20BE /* Window.cpp */ = {isa = PBXFileReference; fileEncoding = 4; lastKnownFileType = sourcecode.cpp.cpp; path = Window.cpp; sourceTree = "<group>"; };
		4C21CAE62A2D201100DD20BE /* Camera.h */ = {isa = PBXFileReference; fileEncoding = 4; lastKnownFileType = sourcecode.c.h; path = Camera.h; sourceTree = "<group>"; };
		4C21CAE72A2D201100DD20BE /* VAO.cpp */ = {isa = PBXFileReference; fileEncoding = 4; lastKnownFileType = sourcecode.cpp.cpp; path = VAO.cpp; sourceTree = "<group>"; };
		4C21CAE82A2D201100DD20BE /* Window.h */ = {isa = PBXFileReference; fileEncoding = 4; lastKnownFileType = sourcecode.c.h; path = Window.h; sourceTree = "<group>"; };
		4C21CAE92A2D201100DD20BE /* Shader.cpp */ = {isa = PBXFileReference; fileEncoding = 4; lastKnownFileType = sourcecode.cpp.cpp; path = Shader.cpp; sourceTree = "<group>"; };
		4C21CAEA2A2D201100DD20BE /* Graphics.cpp */ = {isa = PBXFileReference; fileEncoding = 4; lastKnownFileType = sourcecode.cpp.cpp; path = Graphics.cpp; sourceTree = "<group>"; };
		4C21CAEB2A2D201100DD20BE /* Meshes.h */ = {isa = PBXFileReference; fileEncoding = 4; lastKnownFileType = sourcecode.c.h; path = Meshes.h; sourceTree = "<group>"; };
		4C21CAED2A2D201100DD20BE /* font_vert_shader.glsl */ = {isa = PBXFileReference; fileEncoding = 4; lastKnownFileType = text; path = font_vert_shader.glsl; sourceTree = "<group>"; };
		4C21CAEE2A2D201100DD20BE /* font_frag_shader.glsl */ = {isa = PBXFileReference; fileEncoding = 4; lastKnownFileType = text; path = font_frag_shader.glsl; sourceTree = "<group>"; };
		4C21CAEF2A2D201100DD20BE /* raw_texture_frag_shader.glsl */ = {isa = PBXFileReference; fileEncoding = 4; lastKnownFileType = text; path = raw_texture_frag_shader.glsl; sourceTree = "<group>"; };
		4C21CAF02A2D201100DD20BE /* test_frag_shader.glsl */ = {isa = PBXFileReference; fileEncoding = 4; lastKnownFileType = text; path = test_frag_shader.glsl; sourceTree = "<group>"; };
		4C21CAF12A2D201100DD20BE /* test_vert_shader.glsl */ = {isa = PBXFileReference; fileEncoding = 4; lastKnownFileType = text; path = test_vert_shader.glsl; sourceTree = "<group>"; };
		4C21CAF22A2D201100DD20BE /* perlin_frag_shader.glsl */ = {isa = PBXFileReference; fileEncoding = 4; lastKnownFileType = text; path = perlin_frag_shader.glsl; sourceTree = "<group>"; };
		4C21CAF32A2D201100DD20BE /* gfx.h */ = {isa = PBXFileReference; fileEncoding = 4; lastKnownFileType = sourcecode.c.h; path = gfx.h; sourceTree = "<group>"; };
		4C21CAF42A2D201100DD20BE /* FLGL_Presets.h */ = {isa = PBXFileReference; fileEncoding = 4; lastKnownFileType = sourcecode.c.h; path = FLGL_Presets.h; sourceTree = "<group>"; };
		4C21CAF52A2D201100DD20BE /* GL_Loader.cpp */ = {isa = PBXFileReference; fileEncoding = 4; lastKnownFileType = sourcecode.cpp.cpp; path = GL_Loader.cpp; sourceTree = "<group>"; };
		4C21CAF62A2D201100DD20BE /* VAO.h */ = {isa = PBXFileReference; fileEncoding = 4; lastKnownFileType = sourcecode.c.h; path = VAO.h; sourceTree = "<group>"; };
		4C21CAF72A2D201100DD20BE /* flgl_math.cpp */ = {isa = PBXFileReference; fileEncoding = 4; lastKnownFileType = sourcecode.cpp.cpp; path = flgl_math.cpp; sourceTree = "<group>"; };
		4C21CAF82A2D201100DD20BE /* Graphics.h */ = {isa = PBXFileReference; fileEncoding = 4; lastKnownFileType = sourcecode.c.h; path = Graphics.h; sourceTree = "<group>"; };
		4C21CAF92A2D201100DD20BE /* GL_Loader.h */ = {isa = PBXFileReference; fileEncoding = 4; lastKnownFileType = sourcecode.c.h; path = GL_Loader.h; sourceTree = "<group>"; };
		4C21CAFA2A2D201100DD20BE /* Vertex.cpp */ = {isa = PBXFileReference; fileEncoding = 4; lastKnownFileType = sourcecode.cpp.cpp; path = Vertex.cpp; sourceTree = "<group>"; };
		4C21CAFC2A2D201100DD20BE /* font.png */ = {isa = PBXFileReference; lastKnownFileType = image.png; path = font.png; sourceTree = "<group>"; };
		4C21CAFD2A2D201100DD20BE /* LICENSE */ = {isa = PBXFileReference; fileEncoding = 4; lastKnownFileType = text; path = LICENSE; sourceTree = "<group>"; };
		4C21CAFE2A2D201100DD20BE /* xcode_search_paths.rtf */ = {isa = PBXFileReference; fileEncoding = 4; lastKnownFileType = text.rtf; path = xcode_search_paths.rtf; sourceTree = "<group>"; };
		4C21CAFF2A2D201100DD20BE /* flgl.h */ = {isa = PBXFileReference; fileEncoding = 4; lastKnownFileType = sourcecode.c.h; path = flgl.h; sourceTree = "<group>"; };
		4C21CB002A2D201100DD20BE /* README.md */ = {isa = PBXFileReference; fileEncoding = 4; lastKnownFileType = net.daringfireball.markdown; path = README.md; sourceTree = "<group>"; };
		4C21CB012A2D201100DD20BE /* .gitignore */ = {isa = PBXFileReference; fileEncoding = 4; lastKnownFileType = text; path = .gitignore; sourceTree = "<group>"; };
		4C21CB022A2D201100DD20BE /* .gitattributes */ = {isa = PBXFileReference; fileEncoding = 4; lastKnownFileType = text; path = .gitattributes; sourceTree = "<group>"; };
		4C21CB062A2D201100DD20BE /* stb_image.h */ = {isa = PBXFileReference; fileEncoding = 4; lastKnownFileType = sourcecode.c.h; path = stb_image.h; sourceTree = "<group>"; };
		4C21CB072A2D201100DD20BE /* LICENSE.txt */ = {isa = PBXFileReference; fileEncoding = 4; lastKnownFileType = text; path = LICENSE.txt; sourceTree = "<group>"; };
		4C21CB092A2D201100DD20BE /* LICENSE */ = {isa = PBXFileReference; fileEncoding = 4; lastKnownFileType = text; path = LICENSE; sourceTree = "<group>"; };
		4C21CB0A2A2D201100DD20BE /* ECS.h */ = {isa = PBXFileReference; fileEncoding = 4; lastKnownFileType = sourcecode.c.h; path = ECS.h; sourceTree = "<group>"; };
		4C21CB0B2A2D201100DD20BE /* README.md */ = {isa = PBXFileReference; fileEncoding = 4; lastKnownFileType = net.daringfireball.markdown; path = README.md; sourceTree = "<group>"; };
		4C21CB0C2A2D201100DD20BE /* ECS.cpp */ = {isa = PBXFileReference; fileEncoding = 4; lastKnownFileType = sourcecode.cpp.cpp; path = ECS.cpp; sourceTree = "<group>"; };
		4C21CB0D2A2D201100DD20BE /* .gitignore */ = {isa = PBXFileReference; fileEncoding = 4; lastKnownFileType = text; path = .gitignore; sourceTree = "<group>"; };
		4C21CB1A2A2D283C00DD20BE /* render.h */ = {isa = PBXFileReference; lastKnownFileType = sourcecode.c.h; path = render.h; sourceTree = "<group>"; };
		4C21CB1B2A2D283C00DD20BE /* render.cpp */ = {isa = PBXFileReference; lastKnownFileType = sourcecode.cpp.cpp; path = render.cpp; sourceTree = "<group>"; };
		4C21CB1D2A2D28BF00DD20BE /* texture.h */ = {isa = PBXFileReference; lastKnownFileType = sourcecode.c.h; path = texture.h; sourceTree = "<group>"; };
		4C21CB1E2A2D28BF00DD20BE /* texture.cpp */ = {isa = PBXFileReference; lastKnownFileType = sourcecode.cpp.cpp; path = texture.cpp; sourceTree = "<group>"; };
		4C21CB202A2D7DEB00DD20BE /* follower.h */ = {isa = PBXFileReference; lastKnownFileType = sourcecode.c.h; path = follower.h; sourceTree = "<group>"; };
		4C21CB212A2D7DEB00DD20BE /* follower.cpp */ = {isa = PBXFileReference; lastKnownFileType = sourcecode.cpp.cpp; path = follower.cpp; sourceTree = "<group>"; };
		4C21CB232A2D823800DD20BE /* State.h */ = {isa = PBXFileReference; lastKnownFileType = sourcecode.c.h; path = State.h; sourceTree = "<group>"; };
		4C21CB242A2D823800DD20BE /* State.cpp */ = {isa = PBXFileReference; lastKnownFileType = sourcecode.cpp.cpp; path = State.cpp; sourceTree = "<group>"; };
		4C21CB262A2EBD1800DD20BE /* all.h */ = {isa = PBXFileReference; lastKnownFileType = sourcecode.c.h; path = all.h; sourceTree = "<group>"; };
		4C21CB282A2EBDD300DD20BE /* ShipTypes.h */ = {isa = PBXFileReference; lastKnownFileType = sourcecode.c.h; path = ShipTypes.h; sourceTree = "<group>"; };
		4C21CB292A2EBDD300DD20BE /* ShipTypes.cpp */ = {isa = PBXFileReference; lastKnownFileType = sourcecode.cpp.cpp; path = ShipTypes.cpp; sourceTree = "<group>"; };
		4C21CB2B2A2ED98400DD20BE /* renderer_enums.h */ = {isa = PBXFileReference; lastKnownFileType = sourcecode.c.h; path = renderer_enums.h; sourceTree = "<group>"; };
		4C39E76F2A2A8E9A00CFC7EB /* risklike */ = {isa = PBXFileReference; explicitFileType = "compiled.mach-o.executable"; includeInIndex = 0; path = risklike; sourceTree = BUILT_PRODUCTS_DIR; };
		4C39E7722A2A8E9A00CFC7EB /* main.cpp */ = {isa = PBXFileReference; lastKnownFileType = sourcecode.cpp.cpp; path = main.cpp; sourceTree = "<group>"; };
		4C39E77A2A2A8EAC00CFC7EB /* OpenGL.framework */ = {isa = PBXFileReference; lastKnownFileType = wrapper.framework; name = OpenGL.framework; path = System/Library/Frameworks/OpenGL.framework; sourceTree = SDKROOT; };
		4C39E77C2A2A8EB000CFC7EB /* CoreGraphics.framework */ = {isa = PBXFileReference; lastKnownFileType = wrapper.framework; name = CoreGraphics.framework; path = System/Library/Frameworks/CoreGraphics.framework; sourceTree = SDKROOT; };
		4C39E77E2A2A8EB400CFC7EB /* IOKit.framework */ = {isa = PBXFileReference; lastKnownFileType = wrapper.framework; name = IOKit.framework; path = System/Library/Frameworks/IOKit.framework; sourceTree = SDKROOT; };
		4C39E7802A2A8EC700CFC7EB /* libglfw.3.3.dylib */ = {isa = PBXFileReference; lastKnownFileType = "compiled.mach-o.dylib"; name = libglfw.3.3.dylib; path = ../../../../opt/homebrew/Cellar/glfw/3.3.7/lib/libglfw.3.3.dylib; sourceTree = "<group>"; };
		4C39E7C52A2A9CC200CFC7EB /* sprite_sheet.png */ = {isa = PBXFileReference; lastKnownFileType = image.png; path = sprite_sheet.png; sourceTree = "<group>"; };
		4C39E7C72A2AA09800CFC7EB /* mvp_vert.glsl */ = {isa = PBXFileReference; lastKnownFileType = text; path = mvp_vert.glsl; sourceTree = "<group>"; };
		4C39E7C82A2AA0AC00CFC7EB /* tex_frag.glsl */ = {isa = PBXFileReference; lastKnownFileType = text; path = tex_frag.glsl; sourceTree = "<group>"; };
/* End PBXFileReference section */

/* Begin PBXFrameworksBuildPhase section */
		4C39E76C2A2A8E9A00CFC7EB /* Frameworks */ = {
			isa = PBXFrameworksBuildPhase;
			buildActionMask = 2147483647;
			files = (
				4C39E7812A2A8EC700CFC7EB /* libglfw.3.3.dylib in Frameworks */,
				4C39E77F2A2A8EB400CFC7EB /* IOKit.framework in Frameworks */,
				4C39E77D2A2A8EB000CFC7EB /* CoreGraphics.framework in Frameworks */,
				4C39E77B2A2A8EAC00CFC7EB /* OpenGL.framework in Frameworks */,
			);
			runOnlyForDeploymentPostprocessing = 0;
		};
/* End PBXFrameworksBuildPhase section */

/* Begin PBXGroup section */
		4C21CAD62A2D201100DD20BE /* lib */ = {
			isa = PBXGroup;
			children = (
				4C21CAD72A2D201100DD20BE /* sw */,
				4C21CADD2A2D201100DD20BE /* flgl */,
				4C21CB082A2D201100DD20BE /* ecs */,
			);
			path = lib;
			sourceTree = "<group>";
		};
		4C21CAD72A2D201100DD20BE /* sw */ = {
			isa = PBXGroup;
			children = (
				4C21CAD82A2D201100DD20BE /* LICENSE */,
				4C21CAD92A2D201100DD20BE /* README.md */,
				4C21CADA2A2D201100DD20BE /* .gitignore */,
				4C21CADB2A2D201100DD20BE /* Stopwatch.h */,
				4C21CADC2A2D201100DD20BE /* Stopwatch.cpp */,
			);
			path = sw;
			sourceTree = "<group>";
		};
		4C21CADD2A2D201100DD20BE /* flgl */ = {
			isa = PBXGroup;
			children = (
				4C21CADE2A2D201100DD20BE /* flgl */,
				4C21CAFD2A2D201100DD20BE /* LICENSE */,
				4C21CAFE2A2D201100DD20BE /* xcode_search_paths.rtf */,
				4C21CAFF2A2D201100DD20BE /* flgl.h */,
				4C21CB002A2D201100DD20BE /* README.md */,
				4C21CB012A2D201100DD20BE /* .gitignore */,
				4C21CB022A2D201100DD20BE /* .gitattributes */,
				4C21CB032A2D201100DD20BE /* lib */,
			);
			path = flgl;
			sourceTree = "<group>";
		};
		4C21CADE2A2D201100DD20BE /* flgl */ = {
			isa = PBXGroup;
			children = (
				4C21CADF2A2D201100DD20BE /* flgl_math.h */,
				4C21CAE02A2D201100DD20BE /* FLGL_Presets.cpp */,
				4C21CAE12A2D201100DD20BE /* Vertex.h */,
				4C21CAE22A2D201100DD20BE /* ID_Map.h */,
				4C21CAE32A2D201100DD20BE /* Shader.h */,
				4C21CAE42A2D201100DD20BE /* Camera.cpp */,
				4C21CAE52A2D201100DD20BE /* Window.cpp */,
				4C21CAE62A2D201100DD20BE /* Camera.h */,
				4C21CAE72A2D201100DD20BE /* VAO.cpp */,
				4C21CAE82A2D201100DD20BE /* Window.h */,
				4C21CAE92A2D201100DD20BE /* Shader.cpp */,
				4C21CAEA2A2D201100DD20BE /* Graphics.cpp */,
				4C21CAEB2A2D201100DD20BE /* Meshes.h */,
				4C21CAEC2A2D201100DD20BE /* default_shaders */,
				4C21CAF32A2D201100DD20BE /* gfx.h */,
				4C21CAF42A2D201100DD20BE /* FLGL_Presets.h */,
				4C21CAF52A2D201100DD20BE /* GL_Loader.cpp */,
				4C21CAF62A2D201100DD20BE /* VAO.h */,
				4C21CAF72A2D201100DD20BE /* flgl_math.cpp */,
				4C21CAF82A2D201100DD20BE /* Graphics.h */,
				4C21CAF92A2D201100DD20BE /* GL_Loader.h */,
				4C21CAFA2A2D201100DD20BE /* Vertex.cpp */,
				4C21CAFB2A2D201100DD20BE /* default_textures */,
			);
			path = flgl;
			sourceTree = "<group>";
		};
		4C21CAEC2A2D201100DD20BE /* default_shaders */ = {
			isa = PBXGroup;
			children = (
				4C21CAED2A2D201100DD20BE /* font_vert_shader.glsl */,
				4C21CAEE2A2D201100DD20BE /* font_frag_shader.glsl */,
				4C21CAEF2A2D201100DD20BE /* raw_texture_frag_shader.glsl */,
				4C21CAF02A2D201100DD20BE /* test_frag_shader.glsl */,
				4C21CAF12A2D201100DD20BE /* test_vert_shader.glsl */,
				4C21CAF22A2D201100DD20BE /* perlin_frag_shader.glsl */,
			);
			path = default_shaders;
			sourceTree = "<group>";
		};
		4C21CAFB2A2D201100DD20BE /* default_textures */ = {
			isa = PBXGroup;
			children = (
				4C21CAFC2A2D201100DD20BE /* font.png */,
			);
			path = default_textures;
			sourceTree = "<group>";
		};
		4C21CB032A2D201100DD20BE /* lib */ = {
			isa = PBXGroup;
			children = (
				4C21CB042A2D201100DD20BE /* stb */,
			);
			path = lib;
			sourceTree = "<group>";
		};
		4C21CB042A2D201100DD20BE /* stb */ = {
			isa = PBXGroup;
			children = (
				4C21CB052A2D201100DD20BE /* include */,
				4C21CB072A2D201100DD20BE /* LICENSE.txt */,
			);
			path = stb;
			sourceTree = "<group>";
		};
		4C21CB052A2D201100DD20BE /* include */ = {
			isa = PBXGroup;
			children = (
				4C21CB062A2D201100DD20BE /* stb_image.h */,
			);
			path = include;
			sourceTree = "<group>";
		};
		4C21CB082A2D201100DD20BE /* ecs */ = {
			isa = PBXGroup;
			children = (
				4C21CB092A2D201100DD20BE /* LICENSE */,
				4C21CB0A2A2D201100DD20BE /* ECS.h */,
				4C21CB0B2A2D201100DD20BE /* README.md */,
				4C21CB0C2A2D201100DD20BE /* ECS.cpp */,
				4C21CB0D2A2D201100DD20BE /* .gitignore */,
			);
			path = ecs;
			sourceTree = "<group>";
		};
		4C21CB192A2D280D00DD20BE /* c */ = {
			isa = PBXGroup;
			children = (
				4C21CB262A2EBD1800DD20BE /* all.h */,
				4C21CA9C2A2C6FD600DD20BE /* transform.h */,
				4C21CA9D2A2C6FD600DD20BE /* transform.cpp */,
				4C21CB1A2A2D283C00DD20BE /* render.h */,
				4C21CB1B2A2D283C00DD20BE /* render.cpp */,
				4C21CB1D2A2D28BF00DD20BE /* texture.h */,
				4C21CB1E2A2D28BF00DD20BE /* texture.cpp */,
				4C21CB202A2D7DEB00DD20BE /* follower.h */,
				4C21CB212A2D7DEB00DD20BE /* follower.cpp */,
			);
			path = c;
			sourceTree = "<group>";
		};
		4C21CB272A2EBD7100DD20BE /* g */ = {
			isa = PBXGroup;
			children = (
				4C21CB282A2EBDD300DD20BE /* ShipTypes.h */,
				4C21CB292A2EBDD300DD20BE /* ShipTypes.cpp */,
			);
			path = g;
			sourceTree = "<group>";
		};
		4C39E7662A2A8E9A00CFC7EB = {
			isa = PBXGroup;
			children = (
				4C39E7702A2A8E9A00CFC7EB /* Products */,
				4C39E7792A2A8EAC00CFC7EB /* Frameworks */,
				4C39E7712A2A8E9A00CFC7EB /* risklike */,
			);
			sourceTree = "<group>";
		};
		4C39E7702A2A8E9A00CFC7EB /* Products */ = {
			isa = PBXGroup;
			children = (
				4C39E76F2A2A8E9A00CFC7EB /* risklike */,
			);
			name = Products;
			sourceTree = "<group>";
		};
		4C39E7712A2A8E9A00CFC7EB /* risklike */ = {
			isa = PBXGroup;
			children = (
				4C21CAD62A2D201100DD20BE /* lib */,
				4C39E7C42A2A9CC200CFC7EB /* assets */,
				4C39E7C62A2AA04E00CFC7EB /* shaders */,
				4C39E7722A2A8E9A00CFC7EB /* main.cpp */,
				4C21CB232A2D823800DD20BE /* State.h */,
				4C21CB242A2D823800DD20BE /* State.cpp */,
				4C21CB2B2A2ED98400DD20BE /* renderer_enums.h */,
				4C21CA992A2C67A700DD20BE /* Renderer.h */,
				4C21CA9A2A2C67A700DD20BE /* Renderer.cpp */,
				4C21CB272A2EBD7100DD20BE /* g */,
				4C21CB192A2D280D00DD20BE /* c */,
			);
			path = risklike;
			sourceTree = "<group>";
		};
		4C39E7792A2A8EAC00CFC7EB /* Frameworks */ = {
			isa = PBXGroup;
			children = (
				4C39E7802A2A8EC700CFC7EB /* libglfw.3.3.dylib */,
				4C39E77E2A2A8EB400CFC7EB /* IOKit.framework */,
				4C39E77C2A2A8EB000CFC7EB /* CoreGraphics.framework */,
				4C39E77A2A2A8EAC00CFC7EB /* OpenGL.framework */,
			);
			name = Frameworks;
			sourceTree = "<group>";
		};
		4C39E7C42A2A9CC200CFC7EB /* assets */ = {
			isa = PBXGroup;
			children = (
				4C21CA962A2B077D00DD20BE /* asp.png */,
				4C39E7C52A2A9CC200CFC7EB /* sprite_sheet.png */,
				4C21CA932A2B059800DD20BE /* models.h */,
				4C21CA942A2B059800DD20BE /* models.cpp */,
			);
			path = assets;
			sourceTree = "<group>";
		};
		4C39E7C62A2AA04E00CFC7EB /* shaders */ = {
			isa = PBXGroup;
			children = (
				4C39E7C72A2AA09800CFC7EB /* mvp_vert.glsl */,
				4C39E7C82A2AA0AC00CFC7EB /* tex_frag.glsl */,
				4C21CA972A2B388400DD20BE /* star2d_frag.glsl */,
				4C21CA982A2B389A00DD20BE /* fullscreen_vert.glsl */,
			);
			path = shaders;
			sourceTree = "<group>";
		};
/* End PBXGroup section */

/* Begin PBXNativeTarget section */
		4C39E76E2A2A8E9A00CFC7EB /* risklike */ = {
			isa = PBXNativeTarget;
			buildConfigurationList = 4C39E7762A2A8E9A00CFC7EB /* Build configuration list for PBXNativeTarget "risklike" */;
			buildPhases = (
				4C39E76B2A2A8E9A00CFC7EB /* Sources */,
				4C39E76C2A2A8E9A00CFC7EB /* Frameworks */,
				4C39E76D2A2A8E9A00CFC7EB /* CopyFiles */,
			);
			buildRules = (
			);
			dependencies = (
			);
			name = risklike;
			productName = risklike;
			productReference = 4C39E76F2A2A8E9A00CFC7EB /* risklike */;
			productType = "com.apple.product-type.tool";
		};
/* End PBXNativeTarget section */

/* Begin PBXProject section */
		4C39E7672A2A8E9A00CFC7EB /* Project object */ = {
			isa = PBXProject;
			attributes = {
				BuildIndependentTargetsInParallel = 1;
				LastUpgradeCheck = 1340;
				TargetAttributes = {
					4C39E76E2A2A8E9A00CFC7EB = {
						CreatedOnToolsVersion = 13.4;
					};
				};
			};
			buildConfigurationList = 4C39E76A2A2A8E9A00CFC7EB /* Build configuration list for PBXProject "risklike" */;
			compatibilityVersion = "Xcode 13.0";
			developmentRegion = en;
			hasScannedForEncodings = 0;
			knownRegions = (
				en,
				Base,
			);
			mainGroup = 4C39E7662A2A8E9A00CFC7EB;
			productRefGroup = 4C39E7702A2A8E9A00CFC7EB /* Products */;
			projectDirPath = "";
			projectRoot = "";
			targets = (
				4C39E76E2A2A8E9A00CFC7EB /* risklike */,
			);
		};
/* End PBXProject section */

/* Begin PBXSourcesBuildPhase section */
		4C39E76B2A2A8E9A00CFC7EB /* Sources */ = {
			isa = PBXSourcesBuildPhase;
			buildActionMask = 2147483647;
			files = (
				4C21CB122A2D201100DD20BE /* VAO.cpp in Sources */,
				4C21CB0E2A2D201100DD20BE /* Stopwatch.cpp in Sources */,
				4C39E7732A2A8E9A00CFC7EB /* main.cpp in Sources */,
				4C21CB162A2D201100DD20BE /* flgl_math.cpp in Sources */,
				4C21CB152A2D201100DD20BE /* GL_Loader.cpp in Sources */,
				4C21CB142A2D201100DD20BE /* Graphics.cpp in Sources */,
				4C21CB102A2D201100DD20BE /* Camera.cpp in Sources */,
				4C21CB172A2D201100DD20BE /* Vertex.cpp in Sources */,
				4C21CB132A2D201100DD20BE /* Shader.cpp in Sources */,
				4C21CB112A2D201100DD20BE /* Window.cpp in Sources */,
				4C21CA9E2A2C6FD600DD20BE /* transform.cpp in Sources */,
				4C21CB1C2A2D283C00DD20BE /* render.cpp in Sources */,
				4C21CA9B2A2C67A700DD20BE /* Renderer.cpp in Sources */,
				4C21CB1F2A2D28BF00DD20BE /* texture.cpp in Sources */,
				4C21CB252A2D823800DD20BE /* State.cpp in Sources */,
				4C21CB2A2A2EBDD300DD20BE /* ShipTypes.cpp in Sources */,
				4C21CB182A2D201100DD20BE /* ECS.cpp in Sources */,
				4C21CA952A2B059800DD20BE /* models.cpp in Sources */,
				4C21CB0F2A2D201100DD20BE /* FLGL_Presets.cpp in Sources */,
				4C21CB222A2D7DEB00DD20BE /* follower.cpp in Sources */,
			);
			runOnlyForDeploymentPostprocessing = 0;
		};
/* End PBXSourcesBuildPhase section */

/* Begin XCBuildConfiguration section */
		4C39E7742A2A8E9A00CFC7EB /* Debug */ = {
			isa = XCBuildConfiguration;
			buildSettings = {
				ALWAYS_SEARCH_USER_PATHS = NO;
				CLANG_ANALYZER_NONNULL = YES;
				CLANG_ANALYZER_NUMBER_OBJECT_CONVERSION = YES_AGGRESSIVE;
				CLANG_CXX_LANGUAGE_STANDARD = "gnu++17";
				CLANG_ENABLE_MODULES = YES;
				CLANG_ENABLE_OBJC_ARC = YES;
				CLANG_ENABLE_OBJC_WEAK = YES;
				CLANG_WARN_BLOCK_CAPTURE_AUTORELEASING = YES;
				CLANG_WARN_BOOL_CONVERSION = YES;
				CLANG_WARN_COMMA = YES;
				CLANG_WARN_CONSTANT_CONVERSION = YES;
				CLANG_WARN_DEPRECATED_OBJC_IMPLEMENTATIONS = YES;
				CLANG_WARN_DIRECT_OBJC_ISA_USAGE = YES_ERROR;
				CLANG_WARN_DOCUMENTATION_COMMENTS = YES;
				CLANG_WARN_EMPTY_BODY = YES;
				CLANG_WARN_ENUM_CONVERSION = YES;
				CLANG_WARN_INFINITE_RECURSION = YES;
				CLANG_WARN_INT_CONVERSION = YES;
				CLANG_WARN_NON_LITERAL_NULL_CONVERSION = YES;
				CLANG_WARN_OBJC_IMPLICIT_RETAIN_SELF = YES;
				CLANG_WARN_OBJC_LITERAL_CONVERSION = YES;
				CLANG_WARN_OBJC_ROOT_CLASS = YES_ERROR;
				CLANG_WARN_QUOTED_INCLUDE_IN_FRAMEWORK_HEADER = YES;
				CLANG_WARN_RANGE_LOOP_ANALYSIS = YES;
				CLANG_WARN_STRICT_PROTOTYPES = YES;
				CLANG_WARN_SUSPICIOUS_MOVE = YES;
				CLANG_WARN_UNGUARDED_AVAILABILITY = YES_AGGRESSIVE;
				CLANG_WARN_UNREACHABLE_CODE = YES;
				CLANG_WARN__DUPLICATE_METHOD_MATCH = YES;
				COPY_PHASE_STRIP = NO;
				DEBUG_INFORMATION_FORMAT = dwarf;
				ENABLE_STRICT_OBJC_MSGSEND = YES;
				ENABLE_TESTABILITY = YES;
				GCC_C_LANGUAGE_STANDARD = gnu11;
				GCC_DYNAMIC_NO_PIC = NO;
				GCC_NO_COMMON_BLOCKS = YES;
				GCC_OPTIMIZATION_LEVEL = 0;
				GCC_PREPROCESSOR_DEFINITIONS = (
					"DEBUG=1",
					"$(inherited)",
				);
				GCC_WARN_64_TO_32_BIT_CONVERSION = YES;
				GCC_WARN_ABOUT_RETURN_TYPE = YES_ERROR;
				GCC_WARN_UNDECLARED_SELECTOR = YES;
				GCC_WARN_UNINITIALIZED_AUTOS = YES_AGGRESSIVE;
				GCC_WARN_UNUSED_FUNCTION = YES;
				GCC_WARN_UNUSED_VARIABLE = YES;
				MACOSX_DEPLOYMENT_TARGET = 12.2;
				MTL_ENABLE_DEBUG_INFO = INCLUDE_SOURCE;
				MTL_FAST_MATH = YES;
				ONLY_ACTIVE_ARCH = YES;
				SDKROOT = macosx;
			};
			name = Debug;
		};
		4C39E7752A2A8E9A00CFC7EB /* Release */ = {
			isa = XCBuildConfiguration;
			buildSettings = {
				ALWAYS_SEARCH_USER_PATHS = NO;
				CLANG_ANALYZER_NONNULL = YES;
				CLANG_ANALYZER_NUMBER_OBJECT_CONVERSION = YES_AGGRESSIVE;
				CLANG_CXX_LANGUAGE_STANDARD = "gnu++17";
				CLANG_ENABLE_MODULES = YES;
				CLANG_ENABLE_OBJC_ARC = YES;
				CLANG_ENABLE_OBJC_WEAK = YES;
				CLANG_WARN_BLOCK_CAPTURE_AUTORELEASING = YES;
				CLANG_WARN_BOOL_CONVERSION = YES;
				CLANG_WARN_COMMA = YES;
				CLANG_WARN_CONSTANT_CONVERSION = YES;
				CLANG_WARN_DEPRECATED_OBJC_IMPLEMENTATIONS = YES;
				CLANG_WARN_DIRECT_OBJC_ISA_USAGE = YES_ERROR;
				CLANG_WARN_DOCUMENTATION_COMMENTS = YES;
				CLANG_WARN_EMPTY_BODY = YES;
				CLANG_WARN_ENUM_CONVERSION = YES;
				CLANG_WARN_INFINITE_RECURSION = YES;
				CLANG_WARN_INT_CONVERSION = YES;
				CLANG_WARN_NON_LITERAL_NULL_CONVERSION = YES;
				CLANG_WARN_OBJC_IMPLICIT_RETAIN_SELF = YES;
				CLANG_WARN_OBJC_LITERAL_CONVERSION = YES;
				CLANG_WARN_OBJC_ROOT_CLASS = YES_ERROR;
				CLANG_WARN_QUOTED_INCLUDE_IN_FRAMEWORK_HEADER = YES;
				CLANG_WARN_RANGE_LOOP_ANALYSIS = YES;
				CLANG_WARN_STRICT_PROTOTYPES = YES;
				CLANG_WARN_SUSPICIOUS_MOVE = YES;
				CLANG_WARN_UNGUARDED_AVAILABILITY = YES_AGGRESSIVE;
				CLANG_WARN_UNREACHABLE_CODE = YES;
				CLANG_WARN__DUPLICATE_METHOD_MATCH = YES;
				COPY_PHASE_STRIP = NO;
				DEBUG_INFORMATION_FORMAT = "dwarf-with-dsym";
				ENABLE_NS_ASSERTIONS = NO;
				ENABLE_STRICT_OBJC_MSGSEND = YES;
				GCC_C_LANGUAGE_STANDARD = gnu11;
				GCC_NO_COMMON_BLOCKS = YES;
				GCC_WARN_64_TO_32_BIT_CONVERSION = YES;
				GCC_WARN_ABOUT_RETURN_TYPE = YES_ERROR;
				GCC_WARN_UNDECLARED_SELECTOR = YES;
				GCC_WARN_UNINITIALIZED_AUTOS = YES_AGGRESSIVE;
				GCC_WARN_UNUSED_FUNCTION = YES;
				GCC_WARN_UNUSED_VARIABLE = YES;
				MACOSX_DEPLOYMENT_TARGET = 12.2;
				MTL_ENABLE_DEBUG_INFO = NO;
				MTL_FAST_MATH = YES;
				SDKROOT = macosx;
			};
			name = Release;
		};
		4C39E7772A2A8E9A00CFC7EB /* Debug */ = {
			isa = XCBuildConfiguration;
			buildSettings = {
				CODE_SIGN_STYLE = Automatic;
				HEADER_SEARCH_PATHS = (
					/usr/local/include,
					usr/local/Cellar/glfw/../include,
					opt/homebrew/Cellar/glfw/../include,
					/opt/homebrew/Cellar/glfw/3.3.7/include,
					/opt/homebrew/Cellar/glm/0.9.9.8/include,
				);
				LIBRARY_SEARCH_PATHS = (
					/usr/local/lib,
					/opt/homebrew/Cellar/glfw/3.3.7/lib,
					/opt/homebrew/Cellar/glm/0.9.9.8/lib,
				);
				PRODUCT_NAME = "$(TARGET_NAME)";
			};
			name = Debug;
		};
		4C39E7782A2A8E9A00CFC7EB /* Release */ = {
			isa = XCBuildConfiguration;
			buildSettings = {
				CODE_SIGN_STYLE = Automatic;
				HEADER_SEARCH_PATHS = (
					/usr/local/include,
					usr/local/Cellar/glfw/../include,
					opt/homebrew/Cellar/glfw/../include,
					/opt/homebrew/Cellar/glfw/3.3.7/include,
					/opt/homebrew/Cellar/glm/0.9.9.8/include,
				);
				LIBRARY_SEARCH_PATHS = (
					/usr/local/lib,
					/opt/homebrew/Cellar/glfw/3.3.7/lib,
					/opt/homebrew/Cellar/glm/0.9.9.8/lib,
				);
				PRODUCT_NAME = "$(TARGET_NAME)";
			};
			name = Release;
		};
/* End XCBuildConfiguration section */

/* Begin XCConfigurationList section */
		4C39E76A2A2A8E9A00CFC7EB /* Build configuration list for PBXProject "risklike" */ = {
			isa = XCConfigurationList;
			buildConfigurations = (
				4C39E7742A2A8E9A00CFC7EB /* Debug */,
				4C39E7752A2A8E9A00CFC7EB /* Release */,
			);
			defaultConfigurationIsVisible = 0;
			defaultConfigurationName = Release;
		};
		4C39E7762A2A8E9A00CFC7EB /* Build configuration list for PBXNativeTarget "risklike" */ = {
			isa = XCConfigurationList;
			buildConfigurations = (
				4C39E7772A2A8E9A00CFC7EB /* Debug */,
				4C39E7782A2A8E9A00CFC7EB /* Release */,
			);
			defaultConfigurationIsVisible = 0;
			defaultConfigurationName = Release;
		};
/* End XCConfigurationList section */
	};
	rootObject = 4C39E7672A2A8E9A00CFC7EB /* Project object */;
}
